<?xml version="1.0" encoding="UTF-8" standalone="yes" ?>
<CodeBlocks_project_file>
	<FileVersion major="1" minor="6" />
	<Project>
		<Option title="tableroLaberintosFantasmas" />
		<Option pch_mode="2" />
		<Option compiler="gcc" />
		<Build>
			<Target title="Debug">
				<Option output="bin/Debug/tableroLaberintosFantasmas" prefix_auto="1" extension_auto="1" />
				<Option object_output="obj/Debug/" />
				<Option type="1" />
				<Option compiler="gcc" />
				<Compiler>
					<Add option="-g" />
				</Compiler>
				<Linker>
					<Add library="ws2_32" />
				</Linker>
			</Target>
			<Target title="Release">
				<Option output="bin/Release/tableroLaberintosFantasmas" prefix_auto="1" extension_auto="1" />
				<Option object_output="obj/Release/" />
				<Option type="1" />
				<Option compiler="gcc" />
				<Compiler>
					<Add option="-O2" />
				</Compiler>
				<Linker>
					<Add option="-s" />
				</Linker>
			</Target>
		</Build>
		<Compiler>
			<Add option="-Wall" />
		</Compiler>
		<Unit filename="cliente_LyF.c">
			<Option compilerVar="CC" />
		</Unit>
		<Unit filename="cliente_LyF.h" />
		<Unit filename="comun.c">
			<Option compilerVar="CC" />
		</Unit>
		<Unit filename="comun.h" />
		<Unit filename="coordenadas.c">
			<Option compilerVar="CC" />
		</Unit>
		<Unit filename="coordenadas.h" />
		<Unit filename="estructuras/nodo.h" />
		<Unit filename="estructuras/tda_cola_dinamica.c">
			<Option compilerVar="CC" />
		</Unit>
		<Unit filename="estructuras/tda_cola_dinamica.h" />
		<Unit filename="estructuras/tda_lista_doble.c">
			<Option compilerVar="CC" />
		</Unit>
		<Unit filename="estructuras/tda_lista_doble.h" />
		<Unit filename="estructuras/tda_pila_dinamica.c">
			<Option compilerVar="CC" />
		</Unit>
		<Unit filename="estructuras/tda_pila_dinamica.h" />
		<Unit filename="juego.c">
			<Option compilerVar="CC" />
		</Unit>
		<Unit filename="juego.h" />
		<Unit filename="juego/configuracion.c">
			<Option compilerVar="CC" />
		</Unit>
		<Unit filename="juego/configuracion.h" />
		<Unit filename="juego/fantasmas.c">
			<Option compilerVar="CC" />
		</Unit>
		<Unit filename="juego/fantasmas.h" />
		<Unit filename="juego/jugador.c">
			<Option compilerVar="CC" />
		</Unit>
		<Unit filename="juego/jugador.h" />
		<Unit filename="juego/laberinto.c">
			<Option compilerVar="CC" />
		</Unit>
		<Unit filename="juego/laberinto.h" />
		<Unit filename="juego/portal.c">
			<Option compilerVar="CC" />
		</Unit>
		<Unit filename="juego/portal.h" />
		<Unit filename="juego/tablero.c">
			<Option compilerVar="CC" />
		</Unit>
		<Unit filename="juego/tablero.h" />
		<Unit filename="main.c">
			<Option compilerVar="CC" />
		</Unit>
		<Extensions>
			<lib_finder disable_auto="1" />
		</Extensions>
	</Project>
</CodeBlocks_project_file>
