<?xml version="1.0" encoding="UTF-8" standalone="yes" ?>
<CodeBlocks_project_file>
	<FileVersion major="1" minor="6" />
	<Project>
		<Option title="servidor" />
		<Option pch_mode="2" />
		<Option compiler="gcc-mingw32" />
		<Build>
			<Target title="Debug">
				<Option output="bin/Debug/servidor" prefix_auto="1" extension_auto="1" />
				<Option object_output="obj/Debug/" />
				<Option type="1" />
				<Option compiler="gcc-mingw32" />
				<Linker>
					<Add library="ws2_32" />
				</Linker>
			</Target>
			<Target title="Release">
				<Option output="bin/Release/servidor" prefix_auto="1" extension_auto="1" />
				<Option object_output="obj/Release/" />
				<Option type="1" />
				<Option compiler="gcc-mingw32" />
			</Target>
		</Build>
		<Unit filename="../estructuras/nodo.h" />
		<Unit filename="../estructuras/tda_arbol.c">
			<Option compilerVar="CC" />
		</Unit>
		<Unit filename="../estructuras/tda_arbol.h" />
		<Unit filename="../estructuras/tda_cola_dinamica.c">
			<Option compilerVar="CC" />
		</Unit>
		<Unit filename="../estructuras/tda_cola_dinamica.h" />
		<Unit filename="../estructuras/tda_lista_doble.c">
			<Option compilerVar="CC" />
		</Unit>
		<Unit filename="../estructuras/tda_lista_doble.h" />
		<Unit filename="main.c">
			<Option compilerVar="CC" />
		</Unit>
		<Unit filename="servidor_LyF.c">
			<Option compilerVar="CC" />
		</Unit>
		<Unit filename="servidor_LyF.h" />
		<Extensions />
	</Project>
</CodeBlocks_project_file>
